<?xml version="1.0" encoding="UTF-8" standalone="yes" ?>
<CodeBlocks_project_file>
	<FileVersion major="1" minor="6" />
	<Project>
		<Option title="electron" />
		<Option pch_mode="2" />
		<Option compiler="gcc" />
		<Build>
			<Target title="Debug">
				<Option output="bin/Debug/proiect_trial" prefix_auto="1" extension_auto="1" />
				<Option object_output="obj/Debug/" />
				<Option type="1" />
				<Option compiler="gcc" />
				<Compiler>
					<Add option="-g" />
				</Compiler>
			</Target>
			<Target title="Release">
				<Option output="bin/Release/proiect_trial" prefix_auto="1" extension_auto="1" />
				<Option object_output="obj/Release/" />
				<Option type="1" />
				<Option compiler="gcc" />
				<Compiler>
					<Add option="-O2" />
				</Compiler>
				<Linker>
					<Add option="-s" />
				</Linker>
			</Target>
		</Build>
		<Compiler>
			<Add option="-Wall" />
			<Add option="-fexceptions" />
		</Compiler>
		<Unit filename="Ammeter.piesa">
			<Option target="&lt;{~None~}&gt;" />
		</Unit>
		<Unit filename="Ampermetru.piesa">
			<Option target="&lt;{~None~}&gt;" />
		</Unit>
		<Unit filename="Baterie.piesa">
			<Option target="&lt;{~None~}&gt;" />
		</Unit>
		<Unit filename="Batery.piesa">
			<Option target="&lt;{~None~}&gt;" />
		</Unit>
		<Unit filename="Bec.piesa">
			<Option target="&lt;{~None~}&gt;" />
		</Unit>
		<Unit filename="Dioda.piesa">
			<Option target="&lt;{~None~}&gt;" />
		</Unit>
		<Unit filename="Diode.piesa">
			<Option target="&lt;{~None~}&gt;" />
		</Unit>
		<Unit filename="Fuse.piesa">
			<Option target="&lt;{~None~}&gt;" />
		</Unit>
		<Unit filename="Generator.piesa">
			<Option target="&lt;{~None~}&gt;" />
		</Unit>
		<Unit filename="LightBulb.piesa">
			<Option target="&lt;{~None~}&gt;" />
		</Unit>
		<Unit filename="Resistor.piesa">
			<Option target="&lt;{~None~}&gt;" />
		</Unit>
		<Unit filename="Rezistor.piesa">
			<Option target="&lt;{~None~}&gt;" />
		</Unit>
		<Unit filename="Siguranta.piesa">
			<Option target="&lt;{~None~}&gt;" />
		</Unit>
		<Unit filename="Voltmeter.piesa">
			<Option target="&lt;{~None~}&gt;" />
		</Unit>
		<Unit filename="Voltmetru.piesa">
			<Option target="&lt;{~None~}&gt;" />
		</Unit>
		<Unit filename="main.cpp" />
		<Extensions>
			<lib_finder disable_auto="1" />
		</Extensions>
	</Project>
</CodeBlocks_project_file>
